{
	"name": "wps-zotero",
	"version": "1.0.0",
	"lockfileVersion": 3,
	"requires": true,
	"packages": {
		"": {
			"name": "wps-zotero",
			"version": "1.0.0",
			"devDependencies": {
				"wps-jsapi": "latest"
			}
		},
		"node_modules/wps-jsapi": {
			"version": "1.0.5",
			"resolved": "https://registry.npmjs.org/wps-jsapi/-/wps-jsapi-1.0.5.tgz",
			"integrity": "sha512-xybl4akK2pwpJsZs5dqron5sRZdO33B+F8qSspvJpJgordggSmke5rfx8qyY2R70R0eArZIv7CKehFw91AHefg==",
			"dev": true
		}
	}
}
